
Microsoft Visual Studio Solution File, Format Version 12.00
# Visual Studio Version 16
VisualStudioVersion = 25.0.1704.0
MinimumVisualStudioVersion = 10.0.40219.1
Project("{FAE04EC0-301F-11D3-BF4B-00C04F79EFBC}") = "ConsoleClient", "ConsoleClient/ConsoleClient.csproj", "{9A32D078-C3C8-4E27-8C05-4737319DCC53}"
EndProject
Global
	GlobalSection(SolutionConfigurationPlatforms) = preSolution
		Debug|Any CPU = Debug|Any CPU
		Release|Any CPU = Release|Any CPU
	EndGlobalSection
	GlobalSection(ProjectConfigurationPlatforms) = postSolution
		{9A32D078-C3C8-4E27-8C05-4737319DCC53}.Debug|Any CPU.ActiveCfg = Debug|Any CPU
		{9A32D078-C3C8-4E27-8C05-4737319DCC53}.Debug|Any CPU.Build.0 = Debug|Any CPU
		{9A32D078-C3C8-4E27-8C05-4737319DCC53}.Release|Any CPU.ActiveCfg = Release|Any CPU
		{9A32D078-C3C8-4E27-8C05-4737319DCC53}.Release|Any CPU.Build.0 = Release|Any CPU
	EndGlobalSection
	GlobalSection(SolutionProperties) = preSolution
		HideSolutionNode = FALSE
	EndGlobalSection
	GlobalSection(ExtensibilityGlobals) = postSolution
		SolutionGuid = {A410E60E-B022-4CA3-99B0-8A531E674228}
	EndGlobalSection
EndGlobal
